Microsoft Visual Studio Solution File, Format Version 12.00
# Visual Studio Version 17
VisualStudioVersion = 17.5.2.0
MinimumVisualStudioVersion = 10.0.40219.1
Project("{2150E333-8FDC-42A3-9474-1A3956D46DE8}") = "src", "src", "{827E0CD3-B72D-47B6-A68D-7590B98EB39B}"
EndProject
Project("{2150E333-8FDC-42A3-9474-1A3956D46DE8}") = "main-bot", "main-bot", "{4FCDFDB7-A417-3C3F-0910-8A045F02A9B3}"
EndProject
Project("{FAE04EC0-301F-11D3-BF4B-00C04F79EFBC}") = "CircularMG", "src\main-bot\CircularMG\CircularMG.csproj", "{E547EF15-3EE9-B04F-B453-1CDE4F812EED}"
EndProject
Project("{2150E333-8FDC-42A3-9474-1A3956D46DE8}") = "alternative-bots", "alternative-bots", "{A3963A42-BA02-1665-FEE3-9A6867D26CB0}"
EndProject
Project("{2150E333-8FDC-42A3-9474-1A3956D46DE8}") = "alt-bot-1", "alt-bot-1", "{F1471909-433A-47DD-C577-A1B8C92A173F}"
EndProject
Project("{FAE04EC0-301F-11D3-BF4B-00C04F79EFBC}") = "Straight", "src\alternative-bots\alt-bot-1\Straight\Straight.csproj", "{D8BB212C-F257-1114-EEF7-6FA275FB5FAD}"
EndProject
Project("{2150E333-8FDC-42A3-9474-1A3956D46DE8}") = "alt-bot-2", "alt-bot-2", "{1C499E45-A6BB-0EB9-AF03-0B5598FF0C5F}"
EndProject
Project("{FAE04EC0-301F-11D3-BF4B-00C04F79EFBC}") = "Kotak", "src\alternative-bots\alt-bot-2\Kotak\Kotak.csproj", "{7178CC8C-878A-31CB-225E-9806C49F7055}"
EndProject
Project("{2150E333-8FDC-42A3-9474-1A3956D46DE8}") = "alt-bot-3", "alt-bot-3", "{9C1E5C53-BBCE-10A7-AC2A-04F383FA1163}"
EndProject
Project("{FAE04EC0-301F-11D3-BF4B-00C04F79EFBC}") = "Smart_Calendar1874", "src\alternative-bots\alt-bot-3\Smart_Calendar1874\Smart_Calendar1874.csproj", "{57F1B98A-9B54-5908-143A-39CA2CD56A05}"
EndProject
Global
	GlobalSection(SolutionConfigurationPlatforms) = preSolution
		Debug|Any CPU = Debug|Any CPU
		Release|Any CPU = Release|Any CPU
	EndGlobalSection
	GlobalSection(ProjectConfigurationPlatforms) = postSolution
		{E547EF15-3EE9-B04F-B453-1CDE4F812EED}.Debug|Any CPU.ActiveCfg = Debug|Any CPU
		{E547EF15-3EE9-B04F-B453-1CDE4F812EED}.Debug|Any CPU.Build.0 = Debug|Any CPU
		{E547EF15-3EE9-B04F-B453-1CDE4F812EED}.Release|Any CPU.ActiveCfg = Release|Any CPU
		{E547EF15-3EE9-B04F-B453-1CDE4F812EED}.Release|Any CPU.Build.0 = Release|Any CPU
		{D8BB212C-F257-1114-EEF7-6FA275FB5FAD}.Debug|Any CPU.ActiveCfg = Debug|Any CPU
		{D8BB212C-F257-1114-EEF7-6FA275FB5FAD}.Debug|Any CPU.Build.0 = Debug|Any CPU
		{D8BB212C-F257-1114-EEF7-6FA275FB5FAD}.Release|Any CPU.ActiveCfg = Release|Any CPU
		{D8BB212C-F257-1114-EEF7-6FA275FB5FAD}.Release|Any CPU.Build.0 = Release|Any CPU
		{7178CC8C-878A-31CB-225E-9806C49F7055}.Debug|Any CPU.ActiveCfg = Debug|Any CPU
		{7178CC8C-878A-31CB-225E-9806C49F7055}.Debug|Any CPU.Build.0 = Debug|Any CPU
		{7178CC8C-878A-31CB-225E-9806C49F7055}.Release|Any CPU.ActiveCfg = Release|Any CPU
		{7178CC8C-878A-31CB-225E-9806C49F7055}.Release|Any CPU.Build.0 = Release|Any CPU
		{57F1B98A-9B54-5908-143A-39CA2CD56A05}.Debug|Any CPU.ActiveCfg = Debug|Any CPU
		{57F1B98A-9B54-5908-143A-39CA2CD56A05}.Debug|Any CPU.Build.0 = Debug|Any CPU
		{57F1B98A-9B54-5908-143A-39CA2CD56A05}.Release|Any CPU.ActiveCfg = Release|Any CPU
		{57F1B98A-9B54-5908-143A-39CA2CD56A05}.Release|Any CPU.Build.0 = Release|Any CPU
	EndGlobalSection
	GlobalSection(SolutionProperties) = preSolution
		HideSolutionNode = FALSE
	EndGlobalSection
	GlobalSection(NestedProjects) = preSolution
		{4FCDFDB7-A417-3C3F-0910-8A045F02A9B3} = {827E0CD3-B72D-47B6-A68D-7590B98EB39B}
		{E547EF15-3EE9-B04F-B453-1CDE4F812EED} = {4FCDFDB7-A417-3C3F-0910-8A045F02A9B3}
		{A3963A42-BA02-1665-FEE3-9A6867D26CB0} = {827E0CD3-B72D-47B6-A68D-7590B98EB39B}
		{F1471909-433A-47DD-C577-A1B8C92A173F} = {A3963A42-BA02-1665-FEE3-9A6867D26CB0}
		{D8BB212C-F257-1114-EEF7-6FA275FB5FAD} = {F1471909-433A-47DD-C577-A1B8C92A173F}
		{1C499E45-A6BB-0EB9-AF03-0B5598FF0C5F} = {A3963A42-BA02-1665-FEE3-9A6867D26CB0}
		{7178CC8C-878A-31CB-225E-9806C49F7055} = {1C499E45-A6BB-0EB9-AF03-0B5598FF0C5F}
		{9C1E5C53-BBCE-10A7-AC2A-04F383FA1163} = {A3963A42-BA02-1665-FEE3-9A6867D26CB0}
		{57F1B98A-9B54-5908-143A-39CA2CD56A05} = {9C1E5C53-BBCE-10A7-AC2A-04F383FA1163}
	EndGlobalSection
	GlobalSection(ExtensibilityGlobals) = postSolution
		SolutionGuid = {B6737682-4E93-4D27-BD91-434FB3F47EAB}
	EndGlobalSection
EndGlobal
