Microsoft Visual Studio Solution File, Format Version 12.00
# Visual Studio Version 17
VisualStudioVersion = 17.5.2.0
MinimumVisualStudioVersion = 10.0.40219.1
Project("{2150E333-8FDC-42A3-9474-1A3956D46DE8}") = "src", "src", "{827E0CD3-B72D-47B6-A68D-7590B98EB39B}"
EndProject
Project("{FAE04EC0-301F-11D3-BF4B-00C04F79EFBC}") = "CircularMG", "src\CircularMG\CircularMG.csproj", "{F5E07D78-307E-1873-DD3F-C2022E415B56}"
EndProject
Project("{FAE04EC0-301F-11D3-BF4B-00C04F79EFBC}") = "Corners", "src\Corners\Corners.csproj", "{986CA250-4419-1363-40E2-AC66D272FBA7}"
EndProject
Project("{FAE04EC0-301F-11D3-BF4B-00C04F79EFBC}") = "Crazy", "src\Crazy\Crazy.csproj", "{63C6C890-76C0-B7E4-13E1-C6C198361662}"
EndProject
Project("{FAE04EC0-301F-11D3-BF4B-00C04F79EFBC}") = "Fire", "src\Fire\Fire.csproj", "{C0F50F22-2005-78AA-A8BE-4C7EB953CC21}"
EndProject
Project("{FAE04EC0-301F-11D3-BF4B-00C04F79EFBC}") = "Kotak", "src\Kotak\Kotak.csproj", "{A1D9738E-45C4-791C-08BD-B06A3602FFB0}"
EndProject
Project("{FAE04EC0-301F-11D3-BF4B-00C04F79EFBC}") = "MyFirstBot", "src\MyFirstBot\MyFirstBot.csproj", "{AAD52C62-4A97-DD8D-8616-2A24BBE5F25A}"
EndProject
Project("{FAE04EC0-301F-11D3-BF4B-00C04F79EFBC}") = "MyFirstDroid", "src\MyFirstDroid\MyFirstDroid.csproj", "{944BA578-968B-88CD-4785-85B8BFF5287D}"
EndProject
Project("{FAE04EC0-301F-11D3-BF4B-00C04F79EFBC}") = "MyFirstLeader", "src\MyFirstLeader\MyFirstLeader.csproj", "{CE2A2268-33AA-F491-763B-190926DBF558}"
EndProject
Project("{FAE04EC0-301F-11D3-BF4B-00C04F79EFBC}") = "Nom", "src\Nom\Nom.csproj", "{DF9CD34D-93AA-33B8-5FEF-F27A5C5ECC1B}"
EndProject
Project("{FAE04EC0-301F-11D3-BF4B-00C04F79EFBC}") = "PaintingBot", "src\PaintingBot\PaintingBot.csproj", "{A5B4A4C2-EC86-AE0C-C5F0-E91AC54164B2}"
EndProject
Project("{FAE04EC0-301F-11D3-BF4B-00C04F79EFBC}") = "RamFire", "src\RamFire\RamFire.csproj", "{BEE11140-9181-E73F-7D66-A63C147789C1}"
EndProject
Project("{FAE04EC0-301F-11D3-BF4B-00C04F79EFBC}") = "Satu", "src\Satu\Satu.csproj", "{8557CCA1-6954-558B-9FEF-18334022D81B}"
EndProject
Project("{FAE04EC0-301F-11D3-BF4B-00C04F79EFBC}") = "Smart_Calendar1874", "src\Smart_Calendar1874\Smart_Calendar1874.csproj", "{C9142640-0E47-0874-282E-DB64F5732A30}"
EndProject
Project("{FAE04EC0-301F-11D3-BF4B-00C04F79EFBC}") = "SpinBot", "src\SpinBot\SpinBot.csproj", "{3963D032-9E4B-543D-A9F1-08827307C301}"
EndProject
Project("{FAE04EC0-301F-11D3-BF4B-00C04F79EFBC}") = "Straight", "src\Straight\Straight.csproj", "{1E46AFAE-1A2C-D9F8-5E03-550CB66A59F4}"
EndProject
Project("{FAE04EC0-301F-11D3-BF4B-00C04F79EFBC}") = "Target", "src\Target\Target.csproj", "{AF97846A-FF10-D9C8-8F07-5198710FC91A}"
EndProject
Project("{FAE04EC0-301F-11D3-BF4B-00C04F79EFBC}") = "TemplateBot", "src\TemplateBot\TemplateBot.csproj", "{2DE103AA-4477-2F19-679D-2256124C21E0}"
EndProject
Project("{FAE04EC0-301F-11D3-BF4B-00C04F79EFBC}") = "TrackFire", "src\TrackFire\TrackFire.csproj", "{A7B6B492-0C77-5DB4-2FA4-3EB4DFD85525}"
EndProject
Project("{FAE04EC0-301F-11D3-BF4B-00C04F79EFBC}") = "VelocityBot", "src\VelocityBot\VelocityBot.csproj", "{10321C99-3542-9299-11A7-241AD78C4B2F}"
EndProject
Project("{FAE04EC0-301F-11D3-BF4B-00C04F79EFBC}") = "Walls", "src\Walls\Walls.csproj", "{DFE3F4E5-EE43-CBAD-9940-C74E983A8138}"
EndProject
Global
	GlobalSection(SolutionConfigurationPlatforms) = preSolution
		Debug|Any CPU = Debug|Any CPU
		Release|Any CPU = Release|Any CPU
	EndGlobalSection
	GlobalSection(ProjectConfigurationPlatforms) = postSolution
		{F5E07D78-307E-1873-DD3F-C2022E415B56}.Debug|Any CPU.ActiveCfg = Debug|Any CPU
		{F5E07D78-307E-1873-DD3F-C2022E415B56}.Debug|Any CPU.Build.0 = Debug|Any CPU
		{F5E07D78-307E-1873-DD3F-C2022E415B56}.Release|Any CPU.ActiveCfg = Release|Any CPU
		{F5E07D78-307E-1873-DD3F-C2022E415B56}.Release|Any CPU.Build.0 = Release|Any CPU
		{986CA250-4419-1363-40E2-AC66D272FBA7}.Debug|Any CPU.ActiveCfg = Debug|Any CPU
		{986CA250-4419-1363-40E2-AC66D272FBA7}.Debug|Any CPU.Build.0 = Debug|Any CPU
		{986CA250-4419-1363-40E2-AC66D272FBA7}.Release|Any CPU.ActiveCfg = Release|Any CPU
		{986CA250-4419-1363-40E2-AC66D272FBA7}.Release|Any CPU.Build.0 = Release|Any CPU
		{63C6C890-76C0-B7E4-13E1-C6C198361662}.Debug|Any CPU.ActiveCfg = Debug|Any CPU
		{63C6C890-76C0-B7E4-13E1-C6C198361662}.Debug|Any CPU.Build.0 = Debug|Any CPU
		{63C6C890-76C0-B7E4-13E1-C6C198361662}.Release|Any CPU.ActiveCfg = Release|Any CPU
		{63C6C890-76C0-B7E4-13E1-C6C198361662}.Release|Any CPU.Build.0 = Release|Any CPU
		{C0F50F22-2005-78AA-A8BE-4C7EB953CC21}.Debug|Any CPU.ActiveCfg = Debug|Any CPU
		{C0F50F22-2005-78AA-A8BE-4C7EB953CC21}.Debug|Any CPU.Build.0 = Debug|Any CPU
		{C0F50F22-2005-78AA-A8BE-4C7EB953CC21}.Release|Any CPU.ActiveCfg = Release|Any CPU
		{C0F50F22-2005-78AA-A8BE-4C7EB953CC21}.Release|Any CPU.Build.0 = Release|Any CPU
		{A1D9738E-45C4-791C-08BD-B06A3602FFB0}.Debug|Any CPU.ActiveCfg = Debug|Any CPU
		{A1D9738E-45C4-791C-08BD-B06A3602FFB0}.Debug|Any CPU.Build.0 = Debug|Any CPU
		{A1D9738E-45C4-791C-08BD-B06A3602FFB0}.Release|Any CPU.ActiveCfg = Release|Any CPU
		{A1D9738E-45C4-791C-08BD-B06A3602FFB0}.Release|Any CPU.Build.0 = Release|Any CPU
		{AAD52C62-4A97-DD8D-8616-2A24BBE5F25A}.Debug|Any CPU.ActiveCfg = Debug|Any CPU
		{AAD52C62-4A97-DD8D-8616-2A24BBE5F25A}.Debug|Any CPU.Build.0 = Debug|Any CPU
		{AAD52C62-4A97-DD8D-8616-2A24BBE5F25A}.Release|Any CPU.ActiveCfg = Release|Any CPU
		{AAD52C62-4A97-DD8D-8616-2A24BBE5F25A}.Release|Any CPU.Build.0 = Release|Any CPU
		{944BA578-968B-88CD-4785-85B8BFF5287D}.Debug|Any CPU.ActiveCfg = Debug|Any CPU
		{944BA578-968B-88CD-4785-85B8BFF5287D}.Debug|Any CPU.Build.0 = Debug|Any CPU
		{944BA578-968B-88CD-4785-85B8BFF5287D}.Release|Any CPU.ActiveCfg = Release|Any CPU
		{944BA578-968B-88CD-4785-85B8BFF5287D}.Release|Any CPU.Build.0 = Release|Any CPU
		{CE2A2268-33AA-F491-763B-190926DBF558}.Debug|Any CPU.ActiveCfg = Debug|Any CPU
		{CE2A2268-33AA-F491-763B-190926DBF558}.Debug|Any CPU.Build.0 = Debug|Any CPU
		{CE2A2268-33AA-F491-763B-190926DBF558}.Release|Any CPU.ActiveCfg = Release|Any CPU
		{CE2A2268-33AA-F491-763B-190926DBF558}.Release|Any CPU.Build.0 = Release|Any CPU
		{DF9CD34D-93AA-33B8-5FEF-F27A5C5ECC1B}.Debug|Any CPU.ActiveCfg = Debug|Any CPU
		{DF9CD34D-93AA-33B8-5FEF-F27A5C5ECC1B}.Debug|Any CPU.Build.0 = Debug|Any CPU
		{DF9CD34D-93AA-33B8-5FEF-F27A5C5ECC1B}.Release|Any CPU.ActiveCfg = Release|Any CPU
		{DF9CD34D-93AA-33B8-5FEF-F27A5C5ECC1B}.Release|Any CPU.Build.0 = Release|Any CPU
		{A5B4A4C2-EC86-AE0C-C5F0-E91AC54164B2}.Debug|Any CPU.ActiveCfg = Debug|Any CPU
		{A5B4A4C2-EC86-AE0C-C5F0-E91AC54164B2}.Debug|Any CPU.Build.0 = Debug|Any CPU
		{A5B4A4C2-EC86-AE0C-C5F0-E91AC54164B2}.Release|Any CPU.ActiveCfg = Release|Any CPU
		{A5B4A4C2-EC86-AE0C-C5F0-E91AC54164B2}.Release|Any CPU.Build.0 = Release|Any CPU
		{BEE11140-9181-E73F-7D66-A63C147789C1}.Debug|Any CPU.ActiveCfg = Debug|Any CPU
		{BEE11140-9181-E73F-7D66-A63C147789C1}.Debug|Any CPU.Build.0 = Debug|Any CPU
		{BEE11140-9181-E73F-7D66-A63C147789C1}.Release|Any CPU.ActiveCfg = Release|Any CPU
		{BEE11140-9181-E73F-7D66-A63C147789C1}.Release|Any CPU.Build.0 = Release|Any CPU
		{8557CCA1-6954-558B-9FEF-18334022D81B}.Debug|Any CPU.ActiveCfg = Debug|Any CPU
		{8557CCA1-6954-558B-9FEF-18334022D81B}.Debug|Any CPU.Build.0 = Debug|Any CPU
		{8557CCA1-6954-558B-9FEF-18334022D81B}.Release|Any CPU.ActiveCfg = Release|Any CPU
		{8557CCA1-6954-558B-9FEF-18334022D81B}.Release|Any CPU.Build.0 = Release|Any CPU
		{C9142640-0E47-0874-282E-DB64F5732A30}.Debug|Any CPU.ActiveCfg = Debug|Any CPU
		{C9142640-0E47-0874-282E-DB64F5732A30}.Debug|Any CPU.Build.0 = Debug|Any CPU
		{C9142640-0E47-0874-282E-DB64F5732A30}.Release|Any CPU.ActiveCfg = Release|Any CPU
		{C9142640-0E47-0874-282E-DB64F5732A30}.Release|Any CPU.Build.0 = Release|Any CPU
		{3963D032-9E4B-543D-A9F1-08827307C301}.Debug|Any CPU.ActiveCfg = Debug|Any CPU
		{3963D032-9E4B-543D-A9F1-08827307C301}.Debug|Any CPU.Build.0 = Debug|Any CPU
		{3963D032-9E4B-543D-A9F1-08827307C301}.Release|Any CPU.ActiveCfg = Release|Any CPU
		{3963D032-9E4B-543D-A9F1-08827307C301}.Release|Any CPU.Build.0 = Release|Any CPU
		{1E46AFAE-1A2C-D9F8-5E03-550CB66A59F4}.Debug|Any CPU.ActiveCfg = Debug|Any CPU
		{1E46AFAE-1A2C-D9F8-5E03-550CB66A59F4}.Debug|Any CPU.Build.0 = Debug|Any CPU
		{1E46AFAE-1A2C-D9F8-5E03-550CB66A59F4}.Release|Any CPU.ActiveCfg = Release|Any CPU
		{1E46AFAE-1A2C-D9F8-5E03-550CB66A59F4}.Release|Any CPU.Build.0 = Release|Any CPU
		{AF97846A-FF10-D9C8-8F07-5198710FC91A}.Debug|Any CPU.ActiveCfg = Debug|Any CPU
		{AF97846A-FF10-D9C8-8F07-5198710FC91A}.Debug|Any CPU.Build.0 = Debug|Any CPU
		{AF97846A-FF10-D9C8-8F07-5198710FC91A}.Release|Any CPU.ActiveCfg = Release|Any CPU
		{AF97846A-FF10-D9C8-8F07-5198710FC91A}.Release|Any CPU.Build.0 = Release|Any CPU
		{2DE103AA-4477-2F19-679D-2256124C21E0}.Debug|Any CPU.ActiveCfg = Debug|Any CPU
		{2DE103AA-4477-2F19-679D-2256124C21E0}.Debug|Any CPU.Build.0 = Debug|Any CPU
		{2DE103AA-4477-2F19-679D-2256124C21E0}.Release|Any CPU.ActiveCfg = Release|Any CPU
		{2DE103AA-4477-2F19-679D-2256124C21E0}.Release|Any CPU.Build.0 = Release|Any CPU
		{A7B6B492-0C77-5DB4-2FA4-3EB4DFD85525}.Debug|Any CPU.ActiveCfg = Debug|Any CPU
		{A7B6B492-0C77-5DB4-2FA4-3EB4DFD85525}.Debug|Any CPU.Build.0 = Debug|Any CPU
		{A7B6B492-0C77-5DB4-2FA4-3EB4DFD85525}.Release|Any CPU.ActiveCfg = Release|Any CPU
		{A7B6B492-0C77-5DB4-2FA4-3EB4DFD85525}.Release|Any CPU.Build.0 = Release|Any CPU
		{10321C99-3542-9299-11A7-241AD78C4B2F}.Debug|Any CPU.ActiveCfg = Debug|Any CPU
		{10321C99-3542-9299-11A7-241AD78C4B2F}.Debug|Any CPU.Build.0 = Debug|Any CPU
		{10321C99-3542-9299-11A7-241AD78C4B2F}.Release|Any CPU.ActiveCfg = Release|Any CPU
		{10321C99-3542-9299-11A7-241AD78C4B2F}.Release|Any CPU.Build.0 = Release|Any CPU
		{DFE3F4E5-EE43-CBAD-9940-C74E983A8138}.Debug|Any CPU.ActiveCfg = Debug|Any CPU
		{DFE3F4E5-EE43-CBAD-9940-C74E983A8138}.Debug|Any CPU.Build.0 = Debug|Any CPU
		{DFE3F4E5-EE43-CBAD-9940-C74E983A8138}.Release|Any CPU.ActiveCfg = Release|Any CPU
		{DFE3F4E5-EE43-CBAD-9940-C74E983A8138}.Release|Any CPU.Build.0 = Release|Any CPU
	EndGlobalSection
	GlobalSection(SolutionProperties) = preSolution
		HideSolutionNode = FALSE
	EndGlobalSection
	GlobalSection(NestedProjects) = preSolution
		{F5E07D78-307E-1873-DD3F-C2022E415B56} = {827E0CD3-B72D-47B6-A68D-7590B98EB39B}
		{986CA250-4419-1363-40E2-AC66D272FBA7} = {827E0CD3-B72D-47B6-A68D-7590B98EB39B}
		{63C6C890-76C0-B7E4-13E1-C6C198361662} = {827E0CD3-B72D-47B6-A68D-7590B98EB39B}
		{C0F50F22-2005-78AA-A8BE-4C7EB953CC21} = {827E0CD3-B72D-47B6-A68D-7590B98EB39B}
		{A1D9738E-45C4-791C-08BD-B06A3602FFB0} = {827E0CD3-B72D-47B6-A68D-7590B98EB39B}
		{AAD52C62-4A97-DD8D-8616-2A24BBE5F25A} = {827E0CD3-B72D-47B6-A68D-7590B98EB39B}
		{944BA578-968B-88CD-4785-85B8BFF5287D} = {827E0CD3-B72D-47B6-A68D-7590B98EB39B}
		{CE2A2268-33AA-F491-763B-190926DBF558} = {827E0CD3-B72D-47B6-A68D-7590B98EB39B}
		{DF9CD34D-93AA-33B8-5FEF-F27A5C5ECC1B} = {827E0CD3-B72D-47B6-A68D-7590B98EB39B}
		{A5B4A4C2-EC86-AE0C-C5F0-E91AC54164B2} = {827E0CD3-B72D-47B6-A68D-7590B98EB39B}
		{BEE11140-9181-E73F-7D66-A63C147789C1} = {827E0CD3-B72D-47B6-A68D-7590B98EB39B}
		{8557CCA1-6954-558B-9FEF-18334022D81B} = {827E0CD3-B72D-47B6-A68D-7590B98EB39B}
		{C9142640-0E47-0874-282E-DB64F5732A30} = {827E0CD3-B72D-47B6-A68D-7590B98EB39B}
		{3963D032-9E4B-543D-A9F1-08827307C301} = {827E0CD3-B72D-47B6-A68D-7590B98EB39B}
		{1E46AFAE-1A2C-D9F8-5E03-550CB66A59F4} = {827E0CD3-B72D-47B6-A68D-7590B98EB39B}
		{AF97846A-FF10-D9C8-8F07-5198710FC91A} = {827E0CD3-B72D-47B6-A68D-7590B98EB39B}
		{2DE103AA-4477-2F19-679D-2256124C21E0} = {827E0CD3-B72D-47B6-A68D-7590B98EB39B}
		{A7B6B492-0C77-5DB4-2FA4-3EB4DFD85525} = {827E0CD3-B72D-47B6-A68D-7590B98EB39B}
		{10321C99-3542-9299-11A7-241AD78C4B2F} = {827E0CD3-B72D-47B6-A68D-7590B98EB39B}
		{DFE3F4E5-EE43-CBAD-9940-C74E983A8138} = {827E0CD3-B72D-47B6-A68D-7590B98EB39B}
	EndGlobalSection
	GlobalSection(ExtensibilityGlobals) = postSolution
		SolutionGuid = {102BF85F-A5B6-4A62-BE08-A8A77BC281CC}
	EndGlobalSection
EndGlobal
